
Microsoft Visual Studio Solution File, Format Version 12.00
# Visual Studio Version 17
VisualStudioVersion = 17.0.31903.59
MinimumVisualStudioVersion = 10.0.40219.1
Project("{FAE04EC0-301F-11D3-BF4B-00C04F79EFBC}") = "chessweb-cs", "chessweb-cs\chessweb-cs.csproj", "{C780D2B8-09C3-4072-A180-828BF2469335}"
EndProject
Global
	GlobalSection(SolutionConfigurationPlatforms) = preSolution
		Debug|Any CPU = Debug|Any CPU
		Release|Any CPU = Release|Any CPU
	EndGlobalSection
	GlobalSection(SolutionProperties) = preSolution
		HideSolutionNode = FALSE
	EndGlobalSection
	GlobalSection(ProjectConfigurationPlatforms) = postSolution
		{C780D2B8-09C3-4072-A180-828BF2469335}.Debug|Any CPU.ActiveCfg = Debug|Any CPU
		{C780D2B8-09C3-4072-A180-828BF2469335}.Debug|Any CPU.Build.0 = Debug|Any CPU
		{C780D2B8-09C3-4072-A180-828BF2469335}.Release|Any CPU.ActiveCfg = Release|Any CPU
		{C780D2B8-09C3-4072-A180-828BF2469335}.Release|Any CPU.Build.0 = Release|Any CPU
	EndGlobalSection
EndGlobal
